
Microsoft Visual Studio Solution File, Format Version 12.00
# Visual Studio Version 17
VisualStudioVersion = 17.3.32825.248
MinimumVisualStudioVersion = 10.0.40219.1
Project("{2150E333-8FDC-42A3-9474-1A3956D46DE8}") = "src", "src", "{393488AF-F58E-47AF-BFC9-FD911AC26367}"
EndProject
Project("{2150E333-8FDC-42A3-9474-1A3956D46DE8}") = "services", "services", "{DBDF61C2-3193-4A95-B0D5-C03022209DAF}"
EndProject
Project("{2150E333-8FDC-42A3-9474-1A3956D46DE8}") = "web", "web", "{B1C83438-5620-42F1-ACD1-1E02710377BF}"
EndProject
Project("{9A19103F-16F7-4668-BE54-9A1E7A4F7556}") = "EventsHubCatalogAPI", "EventsHubCatalogAPI\EventsHubCatalogAPI.csproj", "{05B057E4-21F7-4FEA-B323-0A365F9D3724}"
EndProject
Project("{E53339B2-1760-4266-BCC7-CA923CBCF16C}") = "docker-compose", "docker-compose.dcproj", "{BFA45213-B246-42C7-85B7-9B5472832D94}"
EndProject
Project("{9A19103F-16F7-4668-BE54-9A1E7A4F7556}") = "WebMvc", "WebMvc\WebMvc.csproj", "{6B638560-054C-4C81-9B55-AD63F767F7DC}"
EndProject
Project("{9A19103F-16F7-4668-BE54-9A1E7A4F7556}") = "TokenServiceAPI", "TokenServiceAPI\TokenServiceAPI.csproj", "{FEB6E289-CBE7-4373-8F5D-9B7D5035408F}"
EndProject
Project("{9A19103F-16F7-4668-BE54-9A1E7A4F7556}") = "OrderAPI", "OrderAPI\OrderAPI.csproj", "{DB68E48C-7136-4F39-91BB-1BAA1B5B9801}"
EndProject
Project("{9A19103F-16F7-4668-BE54-9A1E7A4F7556}") = "CartAPI", "CartAPI\CartAPI.csproj", "{3FE4C182-DE7F-458E-8A1F-BF3117BAED7E}"
EndProject
Global
	GlobalSection(SolutionConfigurationPlatforms) = preSolution
		Debug|Any CPU = Debug|Any CPU
		Release|Any CPU = Release|Any CPU
	EndGlobalSection
	GlobalSection(ProjectConfigurationPlatforms) = postSolution
		{05B057E4-21F7-4FEA-B323-0A365F9D3724}.Debug|Any CPU.ActiveCfg = Debug|Any CPU
		{05B057E4-21F7-4FEA-B323-0A365F9D3724}.Debug|Any CPU.Build.0 = Debug|Any CPU
		{05B057E4-21F7-4FEA-B323-0A365F9D3724}.Release|Any CPU.ActiveCfg = Release|Any CPU
		{05B057E4-21F7-4FEA-B323-0A365F9D3724}.Release|Any CPU.Build.0 = Release|Any CPU
		{BFA45213-B246-42C7-85B7-9B5472832D94}.Debug|Any CPU.ActiveCfg = Debug|Any CPU
		{BFA45213-B246-42C7-85B7-9B5472832D94}.Debug|Any CPU.Build.0 = Debug|Any CPU
		{BFA45213-B246-42C7-85B7-9B5472832D94}.Release|Any CPU.ActiveCfg = Release|Any CPU
		{BFA45213-B246-42C7-85B7-9B5472832D94}.Release|Any CPU.Build.0 = Release|Any CPU
		{6B638560-054C-4C81-9B55-AD63F767F7DC}.Debug|Any CPU.ActiveCfg = Debug|Any CPU
		{6B638560-054C-4C81-9B55-AD63F767F7DC}.Debug|Any CPU.Build.0 = Debug|Any CPU
		{6B638560-054C-4C81-9B55-AD63F767F7DC}.Release|Any CPU.ActiveCfg = Release|Any CPU
		{6B638560-054C-4C81-9B55-AD63F767F7DC}.Release|Any CPU.Build.0 = Release|Any CPU
		{FEB6E289-CBE7-4373-8F5D-9B7D5035408F}.Debug|Any CPU.ActiveCfg = Debug|Any CPU
		{FEB6E289-CBE7-4373-8F5D-9B7D5035408F}.Debug|Any CPU.Build.0 = Debug|Any CPU
		{FEB6E289-CBE7-4373-8F5D-9B7D5035408F}.Release|Any CPU.ActiveCfg = Release|Any CPU
		{FEB6E289-CBE7-4373-8F5D-9B7D5035408F}.Release|Any CPU.Build.0 = Release|Any CPU
		{DB68E48C-7136-4F39-91BB-1BAA1B5B9801}.Debug|Any CPU.ActiveCfg = Debug|Any CPU
		{DB68E48C-7136-4F39-91BB-1BAA1B5B9801}.Debug|Any CPU.Build.0 = Debug|Any CPU
		{DB68E48C-7136-4F39-91BB-1BAA1B5B9801}.Release|Any CPU.ActiveCfg = Release|Any CPU
		{DB68E48C-7136-4F39-91BB-1BAA1B5B9801}.Release|Any CPU.Build.0 = Release|Any CPU
		{3FE4C182-DE7F-458E-8A1F-BF3117BAED7E}.Debug|Any CPU.ActiveCfg = Debug|Any CPU
		{3FE4C182-DE7F-458E-8A1F-BF3117BAED7E}.Debug|Any CPU.Build.0 = Debug|Any CPU
		{3FE4C182-DE7F-458E-8A1F-BF3117BAED7E}.Release|Any CPU.ActiveCfg = Release|Any CPU
		{3FE4C182-DE7F-458E-8A1F-BF3117BAED7E}.Release|Any CPU.Build.0 = Release|Any CPU
	EndGlobalSection
	GlobalSection(SolutionProperties) = preSolution
		HideSolutionNode = FALSE
	EndGlobalSection
	GlobalSection(NestedProjects) = preSolution
		{DBDF61C2-3193-4A95-B0D5-C03022209DAF} = {393488AF-F58E-47AF-BFC9-FD911AC26367}
		{B1C83438-5620-42F1-ACD1-1E02710377BF} = {393488AF-F58E-47AF-BFC9-FD911AC26367}
		{05B057E4-21F7-4FEA-B323-0A365F9D3724} = {DBDF61C2-3193-4A95-B0D5-C03022209DAF}
		{6B638560-054C-4C81-9B55-AD63F767F7DC} = {B1C83438-5620-42F1-ACD1-1E02710377BF}
		{FEB6E289-CBE7-4373-8F5D-9B7D5035408F} = {DBDF61C2-3193-4A95-B0D5-C03022209DAF}
		{DB68E48C-7136-4F39-91BB-1BAA1B5B9801} = {DBDF61C2-3193-4A95-B0D5-C03022209DAF}
		{3FE4C182-DE7F-458E-8A1F-BF3117BAED7E} = {DBDF61C2-3193-4A95-B0D5-C03022209DAF}
	EndGlobalSection
	GlobalSection(ExtensibilityGlobals) = postSolution
		SolutionGuid = {378BA5B7-9B64-4160-8FA8-E0A4D651AE47}
	EndGlobalSection
EndGlobal
